// !$*UTF8*$!
{
	archiveVersion = 1;
	classes = {
	};
	objectVersion = 46;
	objects = {

/* Begin PBXBuildFile section */
		AE65ADF61B9A3E9D0082E382 /* AppDelegate.swift in Sources */ = {isa = PBXBuildFile; fileRef = AE65ADF51B9A3E9D0082E382 /* AppDelegate.swift */; };
		AE65AE001B9A3E9D0082E382 /* Images.xcassets in Resources */ = {isa = PBXBuildFile; fileRef = AE65ADFF1B9A3E9D0082E382 /* Images.xcassets */; };
		AE65AE031B9A3E9D0082E382 /* LaunchScreen.xib in Resources */ = {isa = PBXBuildFile; fileRef = AE65AE011B9A3E9D0082E382 /* LaunchScreen.xib */; };
		AE65AE0F1B9A3E9D0082E382 /* VisualHumainNumberTests.swift in Sources */ = {isa = PBXBuildFile; fileRef = AE65AE0E1B9A3E9D0082E382 /* VisualHumainNumberTests.swift */; };
		AE65AE191B9A3EBD0082E382 /* VisualHumainNumber.swift in Sources */ = {isa = PBXBuildFile; fileRef = AE65AE181B9A3EBD0082E382 /* VisualHumainNumber.swift */; };
		AE65AE1B1B9A40B30082E382 /* VisualHumainNumber.swift in Sources */ = {isa = PBXBuildFile; fileRef = AE65AE181B9A3EBD0082E382 /* VisualHumainNumber.swift */; };
		AEAA730D1DAF6F6800924785 /* ViewController.swift in Sources */ = {isa = PBXBuildFile; fileRef = AEAA730B1DAF6F6800924785 /* ViewController.swift */; };
		AEAA730E1DAF6F6800924785 /* ViewController.xib in Resources */ = {isa = PBXBuildFile; fileRef = AEAA730C1DAF6F6800924785 /* ViewController.xib */; };
/* End PBXBuildFile section */

/* Begin PBXContainerItemProxy section */
		AE65AE091B9A3E9D0082E382 /* PBXContainerItemProxy */ = {
			isa = PBXContainerItemProxy;
			containerPortal = AE65ADE81B9A3E9D0082E382 /* Project object */;
			proxyType = 1;
			remoteGlobalIDString = AE65ADEF1B9A3E9D0082E382;
			remoteInfo = VisualHumainNumber;
		};
/* End PBXContainerItemProxy section */

/* Begin PBXFileReference section */
		AE65ADF01B9A3E9D0082E382 /* VisualHumainNumber.app */ = {isa = PBXFileReference; explicitFileType = wrapper.application; includeInIndex = 0; path = VisualHumainNumber.app; sourceTree = BUILT_PRODUCTS_DIR; };
		AE65ADF41B9A3E9D0082E382 /* Info.plist */ = {isa = PBXFileReference; lastKnownFileType = text.plist.xml; path = Info.plist; sourceTree = "<group>"; };
		AE65ADF51B9A3E9D0082E382 /* AppDelegate.swift */ = {isa = PBXFileReference; lastKnownFileType = sourcecode.swift; path = AppDelegate.swift; sourceTree = "<group>"; };
		AE65ADFF1B9A3E9D0082E382 /* Images.xcassets */ = {isa = PBXFileReference; lastKnownFileType = folder.assetcatalog; path = Images.xcassets; sourceTree = "<group>"; };
		AE65AE021B9A3E9D0082E382 /* Base */ = {isa = PBXFileReference; lastKnownFileType = file.xib; name = Base; path = Base.lproj/LaunchScreen.xib; sourceTree = "<group>"; };
		AE65AE081B9A3E9D0082E382 /* VisualHumainNumberTests.xctest */ = {isa = PBXFileReference; explicitFileType = wrapper.cfbundle; includeInIndex = 0; path = VisualHumainNumberTests.xctest; sourceTree = BUILT_PRODUCTS_DIR; };
		AE65AE0D1B9A3E9D0082E382 /* Info.plist */ = {isa = PBXFileReference; lastKnownFileType = text.plist.xml; path = Info.plist; sourceTree = "<group>"; };
		AE65AE0E1B9A3E9D0082E382 /* VisualHumainNumberTests.swift */ = {isa = PBXFileReference; lastKnownFileType = sourcecode.swift; path = VisualHumainNumberTests.swift; sourceTree = "<group>"; };
		AE65AE181B9A3EBD0082E382 /* VisualHumainNumber.swift */ = {isa = PBXFileReference; fileEncoding = 4; lastKnownFileType = sourcecode.swift; name = VisualHumainNumber.swift; path = ../../SRC/VisualHumainNumber.swift; sourceTree = "<group>"; };
		AEAA730B1DAF6F6800924785 /* ViewController.swift */ = {isa = PBXFileReference; fileEncoding = 4; lastKnownFileType = sourcecode.swift; name = ViewController.swift; path = ViewController/ViewController.swift; sourceTree = SOURCE_ROOT; };
		AEAA730C1DAF6F6800924785 /* ViewController.xib */ = {isa = PBXFileReference; fileEncoding = 4; lastKnownFileType = file.xib; name = ViewController.xib; path = ViewController/ViewController.xib; sourceTree = SOURCE_ROOT; };
/* End PBXFileReference section */

/* Begin PBXFrameworksBuildPhase section */
		AE65ADED1B9A3E9D0082E382 /* Frameworks */ = {
			isa = PBXFrameworksBuildPhase;
			buildActionMask = 2147483647;
			files = (
			);
			runOnlyForDeploymentPostprocessing = 0;
		};
		AE65AE051B9A3E9D0082E382 /* Frameworks */ = {
			isa = PBXFrameworksBuildPhase;
			buildActionMask = 2147483647;
			files = (
			);
			runOnlyForDeploymentPostprocessing = 0;
		};
/* End PBXFrameworksBuildPhase section */

/* Begin PBXGroup section */
		AE65ADE71B9A3E9D0082E382 = {
			isa = PBXGroup;
			children = (
				AE65ADF21B9A3E9D0082E382 /* VisualHumainNumber */,
				AE65AE0B1B9A3E9D0082E382 /* VisualHumainNumberTests */,
				AE65ADF11B9A3E9D0082E382 /* Products */,
			);
			sourceTree = "<group>";
		};
		AE65ADF11B9A3E9D0082E382 /* Products */ = {
			isa = PBXGroup;
			children = (
				AE65ADF01B9A3E9D0082E382 /* VisualHumainNumber.app */,
				AE65AE081B9A3E9D0082E382 /* VisualHumainNumberTests.xctest */,
			);
			name = Products;
			sourceTree = "<group>";
		};
		AE65ADF21B9A3E9D0082E382 /* VisualHumainNumber */ = {
			isa = PBXGroup;
			children = (
				AEAA730A1DAF6F4100924785 /* Demo */,
				AE65AE1A1B9A3ED20082E382 /* SRC */,
				AE65ADF51B9A3E9D0082E382 /* AppDelegate.swift */,
				AE65ADFF1B9A3E9D0082E382 /* Images.xcassets */,
				AE65AE011B9A3E9D0082E382 /* LaunchScreen.xib */,
				AE65ADF31B9A3E9D0082E382 /* Supporting Files */,
			);
			path = VisualHumainNumber;
			sourceTree = "<group>";
		};
		AE65ADF31B9A3E9D0082E382 /* Supporting Files */ = {
			isa = PBXGroup;
			children = (
				AE65ADF41B9A3E9D0082E382 /* Info.plist */,
			);
			name = "Supporting Files";
			sourceTree = "<group>";
		};
		AE65AE0B1B9A3E9D0082E382 /* VisualHumainNumberTests */ = {
			isa = PBXGroup;
			children = (
				AE65AE0E1B9A3E9D0082E382 /* VisualHumainNumberTests.swift */,
				AE65AE0C1B9A3E9D0082E382 /* Supporting Files */,
			);
			path = VisualHumainNumberTests;
			sourceTree = "<group>";
		};
		AE65AE0C1B9A3E9D0082E382 /* Supporting Files */ = {
			isa = PBXGroup;
			children = (
				AE65AE0D1B9A3E9D0082E382 /* Info.plist */,
			);
			name = "Supporting Files";
			sourceTree = "<group>";
		};
		AE65AE1A1B9A3ED20082E382 /* SRC */ = {
			isa = PBXGroup;
			children = (
				AE65AE181B9A3EBD0082E382 /* VisualHumainNumber.swift */,
			);
			name = SRC;
			sourceTree = "<group>";
		};
		AEAA730A1DAF6F4100924785 /* Demo */ = {
			isa = PBXGroup;
			children = (
				AEAA730B1DAF6F6800924785 /* ViewController.swift */,
				AEAA730C1DAF6F6800924785 /* ViewController.xib */,
			);
			name = Demo;
			sourceTree = "<group>";
		};
/* End PBXGroup section */

/* Begin PBXNativeTarget section */
		AE65ADEF1B9A3E9D0082E382 /* VisualHumainNumber */ = {
			isa = PBXNativeTarget;
			buildConfigurationList = AE65AE121B9A3E9D0082E382 /* Build configuration list for PBXNativeTarget "VisualHumainNumber" */;
			buildPhases = (
				AE65ADEC1B9A3E9D0082E382 /* Sources */,
				AE65ADED1B9A3E9D0082E382 /* Frameworks */,
				AE65ADEE1B9A3E9D0082E382 /* Resources */,
			);
			buildRules = (
			);
			dependencies = (
			);
			name = VisualHumainNumber;
			productName = VisualHumainNumber;
			productReference = AE65ADF01B9A3E9D0082E382 /* VisualHumainNumber.app */;
			productType = "com.apple.product-type.application";
		};
		AE65AE071B9A3E9D0082E382 /* VisualHumainNumberTests */ = {
			isa = PBXNativeTarget;
			buildConfigurationList = AE65AE151B9A3E9D0082E382 /* Build configuration list for PBXNativeTarget "VisualHumainNumberTests" */;
			buildPhases = (
				AE65AE041B9A3E9D0082E382 /* Sources */,
				AE65AE051B9A3E9D0082E382 /* Frameworks */,
				AE65AE061B9A3E9D0082E382 /* Resources */,
			);
			buildRules = (
			);
			dependencies = (
				AE65AE0A1B9A3E9D0082E382 /* PBXTargetDependency */,
			);
			name = VisualHumainNumberTests;
			productName = VisualHumainNumberTests;
			productReference = AE65AE081B9A3E9D0082E382 /* VisualHumainNumberTests.xctest */;
			productType = "com.apple.product-type.bundle.unit-test";
		};
/* End PBXNativeTarget section */

/* Begin PBXProject section */
		AE65ADE81B9A3E9D0082E382 /* Project object */ = {
			isa = PBXProject;
			attributes = {
				LastSwiftMigration = 0700;
				LastSwiftUpdateCheck = 0700;
				LastUpgradeCheck = 0700;
				ORGANIZATIONNAME = "norbert-billa";
				TargetAttributes = {
					AE65ADEF1B9A3E9D0082E382 = {
						CreatedOnToolsVersion = 6.4;
						LastSwiftMigration = 0800;
					};
					AE65AE071B9A3E9D0082E382 = {
						CreatedOnToolsVersion = 6.4;
						LastSwiftMigration = 0800;
						TestTargetID = AE65ADEF1B9A3E9D0082E382;
					};
				};
			};
			buildConfigurationList = AE65ADEB1B9A3E9D0082E382 /* Build configuration list for PBXProject "VisualHumainNumber" */;
			compatibilityVersion = "Xcode 3.2";
			developmentRegion = English;
			hasScannedForEncodings = 0;
			knownRegions = (
				en,
				Base,
			);
			mainGroup = AE65ADE71B9A3E9D0082E382;
			productRefGroup = AE65ADF11B9A3E9D0082E382 /* Products */;
			projectDirPath = "";
			projectRoot = "";
			targets = (
				AE65ADEF1B9A3E9D0082E382 /* VisualHumainNumber */,
				AE65AE071B9A3E9D0082E382 /* VisualHumainNumberTests */,
			);
		};
/* End PBXProject section */

/* Begin PBXResourcesBuildPhase section */
		AE65ADEE1B9A3E9D0082E382 /* Resources */ = {
			isa = PBXResourcesBuildPhase;
			buildActionMask = 2147483647;
			files = (
				AE65AE031B9A3E9D0082E382 /* LaunchScreen.xib in Resources */,
				AEAA730E1DAF6F6800924785 /* ViewController.xib in Resources */,
				AE65AE001B9A3E9D0082E382 /* Images.xcassets in Resources */,
			);
			runOnlyForDeploymentPostprocessing = 0;
		};
		AE65AE061B9A3E9D0082E382 /* Resources */ = {
			isa = PBXResourcesBuildPhase;
			buildActionMask = 2147483647;
			files = (
			);
			runOnlyForDeploymentPostprocessing = 0;
		};
/* End PBXResourcesBuildPhase section */

/* Begin PBXSourcesBuildPhase section */
		AE65ADEC1B9A3E9D0082E382 /* Sources */ = {
			isa = PBXSourcesBuildPhase;
			buildActionMask = 2147483647;
			files = (
				AEAA730D1DAF6F6800924785 /* ViewController.swift in Sources */,
				AE65AE191B9A3EBD0082E382 /* VisualHumainNumber.swift in Sources */,
				AE65ADF61B9A3E9D0082E382 /* AppDelegate.swift in Sources */,
			);
			runOnlyForDeploymentPostprocessing = 0;
		};
		AE65AE041B9A3E9D0082E382 /* Sources */ = {
			isa = PBXSourcesBuildPhase;
			buildActionMask = 2147483647;
			files = (
				AE65AE1B1B9A40B30082E382 /* VisualHumainNumber.swift in Sources */,
				AE65AE0F1B9A3E9D0082E382 /* VisualHumainNumberTests.swift in Sources */,
			);
			runOnlyForDeploymentPostprocessing = 0;
		};
/* End PBXSourcesBuildPhase section */

/* Begin PBXTargetDependency section */
		AE65AE0A1B9A3E9D0082E382 /* PBXTargetDependency */ = {
			isa = PBXTargetDependency;
			target = AE65ADEF1B9A3E9D0082E382 /* VisualHumainNumber */;
			targetProxy = AE65AE091B9A3E9D0082E382 /* PBXContainerItemProxy */;
		};
/* End PBXTargetDependency section */

/* Begin PBXVariantGroup section */
		AE65AE011B9A3E9D0082E382 /* LaunchScreen.xib */ = {
			isa = PBXVariantGroup;
			children = (
				AE65AE021B9A3E9D0082E382 /* Base */,
			);
			name = LaunchScreen.xib;
			sourceTree = "<group>";
		};
/* End PBXVariantGroup section */

/* Begin XCBuildConfiguration section */
		AE65AE101B9A3E9D0082E382 /* Debug */ = {
			isa = XCBuildConfiguration;
			buildSettings = {
				ALWAYS_SEARCH_USER_PATHS = NO;
				CLANG_CXX_LANGUAGE_STANDARD = "gnu++0x";
				CLANG_CXX_LIBRARY = "libc++";
				CLANG_ENABLE_MODULES = YES;
				CLANG_ENABLE_OBJC_ARC = YES;
				CLANG_WARN_BOOL_CONVERSION = YES;
				CLANG_WARN_CONSTANT_CONVERSION = YES;
				CLANG_WARN_DIRECT_OBJC_ISA_USAGE = YES_ERROR;
				CLANG_WARN_EMPTY_BODY = YES;
				CLANG_WARN_ENUM_CONVERSION = YES;
				CLANG_WARN_INT_CONVERSION = YES;
				CLANG_WARN_OBJC_ROOT_CLASS = YES_ERROR;
				CLANG_WARN_UNREACHABLE_CODE = YES;
				CLANG_WARN__DUPLICATE_METHOD_MATCH = YES;
				"CODE_SIGN_IDENTITY[sdk=iphoneos*]" = "iPhone Developer";
				COPY_PHASE_STRIP = NO;
				DEBUG_INFORMATION_FORMAT = "dwarf-with-dsym";
				ENABLE_STRICT_OBJC_MSGSEND = YES;
				ENABLE_TESTABILITY = YES;
				GCC_C_LANGUAGE_STANDARD = gnu99;
				GCC_DYNAMIC_NO_PIC = NO;
				GCC_NO_COMMON_BLOCKS = YES;
				GCC_OPTIMIZATION_LEVEL = 0;
				GCC_PREPROCESSOR_DEFINITIONS = (
					"DEBUG=1",
					"$(inherited)",
				);
				GCC_SYMBOLS_PRIVATE_EXTERN = NO;
				GCC_WARN_64_TO_32_BIT_CONVERSION = YES;
				GCC_WARN_ABOUT_RETURN_TYPE = YES_ERROR;
				GCC_WARN_UNDECLARED_SELECTOR = YES;
				GCC_WARN_UNINITIALIZED_AUTOS = YES_AGGRESSIVE;
				GCC_WARN_UNUSED_FUNCTION = YES;
				GCC_WARN_UNUSED_VARIABLE = YES;
				IPHONEOS_DEPLOYMENT_TARGET = 8.4;
				MTL_ENABLE_DEBUG_INFO = YES;
				ONLY_ACTIVE_ARCH = YES;
				SDKROOT = iphoneos;
				SWIFT_OPTIMIZATION_LEVEL = "-Onone";
				TARGETED_DEVICE_FAMILY = "1,2";
			};
			name = Debug;
		};
		AE65AE111B9A3E9D0082E382 /* Release */ = {
			isa = XCBuildConfiguration;
			buildSettings = {
				ALWAYS_SEARCH_USER_PATHS = NO;
				CLANG_CXX_LANGUAGE_STANDARD = "gnu++0x";
				CLANG_CXX_LIBRARY = "libc++";
				CLANG_ENABLE_MODULES = YES;
				CLANG_ENABLE_OBJC_ARC = YES;
				CLANG_WARN_BOOL_CONVERSION = YES;
				CLANG_WARN_CONSTANT_CONVERSION = YES;
				CLANG_WARN_DIRECT_OBJC_ISA_USAGE = YES_ERROR;
				CLANG_WARN_EMPTY_BODY = YES;
				CLANG_WARN_ENUM_CONVERSION = YES;
				CLANG_WARN_INT_CONVERSION = YES;
				CLANG_WARN_OBJC_ROOT_CLASS = YES_ERROR;
				CLANG_WARN_UNREACHABLE_CODE = YES;
				CLANG_WARN__DUPLICATE_METHOD_MATCH = YES;
				"CODE_SIGN_IDENTITY[sdk=iphoneos*]" = "iPhone Developer";
				COPY_PHASE_STRIP = NO;
				DEBUG_INFORMATION_FORMAT = "dwarf-with-dsym";
				ENABLE_NS_ASSERTIONS = NO;
				ENABLE_STRICT_OBJC_MSGSEND = YES;
				GCC_C_LANGUAGE_STANDARD = gnu99;
				GCC_NO_COMMON_BLOCKS = YES;
				GCC_WARN_64_TO_32_BIT_CONVERSION = YES;
				GCC_WARN_ABOUT_RETURN_TYPE = YES_ERROR;
				GCC_WARN_UNDECLARED_SELECTOR = YES;
				GCC_WARN_UNINITIALIZED_AUTOS = YES_AGGRESSIVE;
				GCC_WARN_UNUSED_FUNCTION = YES;
				GCC_WARN_UNUSED_VARIABLE = YES;
				IPHONEOS_DEPLOYMENT_TARGET = 8.4;
				MTL_ENABLE_DEBUG_INFO = NO;
				SDKROOT = iphoneos;
				TARGETED_DEVICE_FAMILY = "1,2";
				VALIDATE_PRODUCT = YES;
			};
			name = Release;
		};
		AE65AE131B9A3E9D0082E382 /* Debug */ = {
			isa = XCBuildConfiguration;
			buildSettings = {
				ASSETCATALOG_COMPILER_APPICON_NAME = AppIcon;
				INFOPLIST_FILE = VisualHumainNumber/Info.plist;
				IPHONEOS_DEPLOYMENT_TARGET = 8.0;
				LD_RUNPATH_SEARCH_PATHS = "$(inherited) @executable_path/Frameworks";
				PRODUCT_BUNDLE_IDENTIFIER = "com.billa.$(PRODUCT_NAME:rfc1034identifier)";
				PRODUCT_NAME = "$(TARGET_NAME)";
				SWIFT_VERSION = 3.0;
			};
			name = Debug;
		};
		AE65AE141B9A3E9D0082E382 /* Release */ = {
			isa = XCBuildConfiguration;
			buildSettings = {
				ASSETCATALOG_COMPILER_APPICON_NAME = AppIcon;
				INFOPLIST_FILE = VisualHumainNumber/Info.plist;
				IPHONEOS_DEPLOYMENT_TARGET = 8.0;
				LD_RUNPATH_SEARCH_PATHS = "$(inherited) @executable_path/Frameworks";
				PRODUCT_BUNDLE_IDENTIFIER = "com.billa.$(PRODUCT_NAME:rfc1034identifier)";
				PRODUCT_NAME = "$(TARGET_NAME)";
				SWIFT_VERSION = 3.0;
			};
			name = Release;
		};
		AE65AE161B9A3E9D0082E382 /* Debug */ = {
			isa = XCBuildConfiguration;
			buildSettings = {
				BUNDLE_LOADER = "$(TEST_HOST)";
				FRAMEWORK_SEARCH_PATHS = (
					"$(SDKROOT)/Developer/Library/Frameworks",
					"$(inherited)",
				);
				GCC_PREPROCESSOR_DEFINITIONS = (
					"DEBUG=1",
					"$(inherited)",
				);
				INFOPLIST_FILE = VisualHumainNumberTests/Info.plist;
				LD_RUNPATH_SEARCH_PATHS = "$(inherited) @executable_path/Frameworks @loader_path/Frameworks";
				PRODUCT_BUNDLE_IDENTIFIER = "com.billa.$(PRODUCT_NAME:rfc1034identifier)";
				PRODUCT_NAME = "$(TARGET_NAME)";
				SWIFT_VERSION = 3.0;
				TEST_HOST = "$(BUILT_PRODUCTS_DIR)/VisualHumainNumber.app/VisualHumainNumber";
			};
			name = Debug;
		};
		AE65AE171B9A3E9D0082E382 /* Release */ = {
			isa = XCBuildConfiguration;
			buildSettings = {
				BUNDLE_LOADER = "$(TEST_HOST)";
				FRAMEWORK_SEARCH_PATHS = (
					"$(SDKROOT)/Developer/Library/Frameworks",
					"$(inherited)",
				);
				INFOPLIST_FILE = VisualHumainNumberTests/Info.plist;
				LD_RUNPATH_SEARCH_PATHS = "$(inherited) @executable_path/Frameworks @loader_path/Frameworks";
				PRODUCT_BUNDLE_IDENTIFIER = "com.billa.$(PRODUCT_NAME:rfc1034identifier)";
				PRODUCT_NAME = "$(TARGET_NAME)";
				SWIFT_VERSION = 3.0;
				TEST_HOST = "$(BUILT_PRODUCTS_DIR)/VisualHumainNumber.app/VisualHumainNumber";
			};
			name = Release;
		};
/* End XCBuildConfiguration section */

/* Begin XCConfigurationList section */
		AE65ADEB1B9A3E9D0082E382 /* Build configuration list for PBXProject "VisualHumainNumber" */ = {
			isa = XCConfigurationList;
			buildConfigurations = (
				AE65AE101B9A3E9D0082E382 /* Debug */,
				AE65AE111B9A3E9D0082E382 /* Release */,
			);
			defaultConfigurationIsVisible = 0;
			defaultConfigurationName = Release;
		};
		AE65AE121B9A3E9D0082E382 /* Build configuration list for PBXNativeTarget "VisualHumainNumber" */ = {
			isa = XCConfigurationList;
			buildConfigurations = (
				AE65AE131B9A3E9D0082E382 /* Debug */,
				AE65AE141B9A3E9D0082E382 /* Release */,
			);
			defaultConfigurationIsVisible = 0;
			defaultConfigurationName = Release;
		};
		AE65AE151B9A3E9D0082E382 /* Build configuration list for PBXNativeTarget "VisualHumainNumberTests" */ = {
			isa = XCConfigurationList;
			buildConfigurations = (
				AE65AE161B9A3E9D0082E382 /* Debug */,
				AE65AE171B9A3E9D0082E382 /* Release */,
			);
			defaultConfigurationIsVisible = 0;
			defaultConfigurationName = Release;
		};
/* End XCConfigurationList section */
	};
	rootObject = AE65ADE81B9A3E9D0082E382 /* Project object */;
}
